
Microsoft Visual Studio Solution File, Format Version 12.00
# Visual Studio 15
VisualStudioVersion = 15.0.27130.2010
MinimumVisualStudioVersion = 10.0.40219.1
Project("{FAE04EC0-301F-11D3-BF4B-00C04F79EFBC}") = "RETracker.iOS", "RETracker.iOS\RETracker.iOS.csproj", "{D4C6E741-617D-4CBA-8C4C-C897356915DA}"
EndProject
Project("{FAE04EC0-301F-11D3-BF4B-00C04F79EFBC}") = "RETracker.UWP", "RETracker.UWP\RETracker.UWP.csproj", "{5212C156-6F83-4870-B98F-0AA4BB37FA7E}"
EndProject
Project("{FAE04EC0-301F-11D3-BF4B-00C04F79EFBC}") = "RETracker", "RETracker\RETracker.csproj", "{171E01BB-834F-4900-A7E4-28492AD3E3BA}"
EndProject
Project("{FAE04EC0-301F-11D3-BF4B-00C04F79EFBC}") = "RETracker.Mac", "RETracker.Mac\RETracker.Mac.csproj", "{1E3E3F73-7D4F-49DE-B91C-DE254C22A448}"
EndProject
Global
	GlobalSection(SolutionConfigurationPlatforms) = preSolution
		Ad-Hoc|Any CPU = Ad-Hoc|Any CPU
		Ad-Hoc|ARM = Ad-Hoc|ARM
		Ad-Hoc|iPhone = Ad-Hoc|iPhone
		Ad-Hoc|iPhoneSimulator = Ad-Hoc|iPhoneSimulator
		Ad-Hoc|x64 = Ad-Hoc|x64
		Ad-Hoc|x86 = Ad-Hoc|x86
		AppStore|Any CPU = AppStore|Any CPU
		AppStore|ARM = AppStore|ARM
		AppStore|iPhone = AppStore|iPhone
		AppStore|iPhoneSimulator = AppStore|iPhoneSimulator
		AppStore|x64 = AppStore|x64
		AppStore|x86 = AppStore|x86
		Debug|Any CPU = Debug|Any CPU
		Debug|ARM = Debug|ARM
		Debug|iPhone = Debug|iPhone
		Debug|iPhoneSimulator = Debug|iPhoneSimulator
		Debug|x64 = Debug|x64
		Debug|x86 = Debug|x86
		Release|Any CPU = Release|Any CPU
		Release|ARM = Release|ARM
		Release|iPhone = Release|iPhone
		Release|iPhoneSimulator = Release|iPhoneSimulator
		Release|x64 = Release|x64
		Release|x86 = Release|x86
	EndGlobalSection
	GlobalSection(ProjectConfigurationPlatforms) = postSolution
		{D4C6E741-617D-4CBA-8C4C-C897356915DA}.Ad-Hoc|Any CPU.ActiveCfg = Ad-Hoc|iPhone
		{D4C6E741-617D-4CBA-8C4C-C897356915DA}.Ad-Hoc|ARM.ActiveCfg = Ad-Hoc|iPhone
		{D4C6E741-617D-4CBA-8C4C-C897356915DA}.Ad-Hoc|iPhone.ActiveCfg = Ad-Hoc|iPhone
		{D4C6E741-617D-4CBA-8C4C-C897356915DA}.Ad-Hoc|iPhone.Build.0 = Ad-Hoc|iPhone
		{D4C6E741-617D-4CBA-8C4C-C897356915DA}.Ad-Hoc|iPhoneSimulator.ActiveCfg = Ad-Hoc|iPhoneSimulator
		{D4C6E741-617D-4CBA-8C4C-C897356915DA}.Ad-Hoc|iPhoneSimulator.Build.0 = Ad-Hoc|iPhoneSimulator
		{D4C6E741-617D-4CBA-8C4C-C897356915DA}.Ad-Hoc|x64.ActiveCfg = Ad-Hoc|iPhone
		{D4C6E741-617D-4CBA-8C4C-C897356915DA}.Ad-Hoc|x86.ActiveCfg = Ad-Hoc|iPhone
		{D4C6E741-617D-4CBA-8C4C-C897356915DA}.AppStore|Any CPU.ActiveCfg = AppStore|iPhone
		{D4C6E741-617D-4CBA-8C4C-C897356915DA}.AppStore|ARM.ActiveCfg = AppStore|iPhone
		{D4C6E741-617D-4CBA-8C4C-C897356915DA}.AppStore|iPhone.ActiveCfg = AppStore|iPhone
		{D4C6E741-617D-4CBA-8C4C-C897356915DA}.AppStore|iPhone.Build.0 = AppStore|iPhone
		{D4C6E741-617D-4CBA-8C4C-C897356915DA}.AppStore|iPhoneSimulator.ActiveCfg = AppStore|iPhoneSimulator
		{D4C6E741-617D-4CBA-8C4C-C897356915DA}.AppStore|iPhoneSimulator.Build.0 = AppStore|iPhoneSimulator
		{D4C6E741-617D-4CBA-8C4C-C897356915DA}.AppStore|x64.ActiveCfg = AppStore|iPhone
		{D4C6E741-617D-4CBA-8C4C-C897356915DA}.AppStore|x86.ActiveCfg = AppStore|iPhone
		{D4C6E741-617D-4CBA-8C4C-C897356915DA}.Debug|Any CPU.ActiveCfg = Debug|iPhone
		{D4C6E741-617D-4CBA-8C4C-C897356915DA}.Debug|ARM.ActiveCfg = Debug|iPhone
		{D4C6E741-617D-4CBA-8C4C-C897356915DA}.Debug|iPhone.ActiveCfg = Debug|iPhone
		{D4C6E741-617D-4CBA-8C4C-C897356915DA}.Debug|iPhone.Build.0 = Debug|iPhone
		{D4C6E741-617D-4CBA-8C4C-C897356915DA}.Debug|iPhoneSimulator.ActiveCfg = Debug|iPhoneSimulator
		{D4C6E741-617D-4CBA-8C4C-C897356915DA}.Debug|iPhoneSimulator.Build.0 = Debug|iPhoneSimulator
		{D4C6E741-617D-4CBA-8C4C-C897356915DA}.Debug|x64.ActiveCfg = Debug|iPhone
		{D4C6E741-617D-4CBA-8C4C-C897356915DA}.Debug|x86.ActiveCfg = Debug|iPhone
		{D4C6E741-617D-4CBA-8C4C-C897356915DA}.Release|Any CPU.ActiveCfg = Release|iPhone
		{D4C6E741-617D-4CBA-8C4C-C897356915DA}.Release|ARM.ActiveCfg = Release|iPhone
		{D4C6E741-617D-4CBA-8C4C-C897356915DA}.Release|iPhone.ActiveCfg = Release|iPhone
		{D4C6E741-617D-4CBA-8C4C-C897356915DA}.Release|iPhone.Build.0 = Release|iPhone
		{D4C6E741-617D-4CBA-8C4C-C897356915DA}.Release|iPhoneSimulator.ActiveCfg = Release|iPhoneSimulator
		{D4C6E741-617D-4CBA-8C4C-C897356915DA}.Release|iPhoneSimulator.Build.0 = Release|iPhoneSimulator
		{D4C6E741-617D-4CBA-8C4C-C897356915DA}.Release|x64.ActiveCfg = Release|iPhone
		{D4C6E741-617D-4CBA-8C4C-C897356915DA}.Release|x86.ActiveCfg = Release|iPhone
		{5212C156-6F83-4870-B98F-0AA4BB37FA7E}.Ad-Hoc|Any CPU.ActiveCfg = Release|x86
		{5212C156-6F83-4870-B98F-0AA4BB37FA7E}.Ad-Hoc|Any CPU.Build.0 = Release|x86
		{5212C156-6F83-4870-B98F-0AA4BB37FA7E}.Ad-Hoc|Any CPU.Deploy.0 = Release|x86
		{5212C156-6F83-4870-B98F-0AA4BB37FA7E}.Ad-Hoc|ARM.ActiveCfg = Release|ARM
		{5212C156-6F83-4870-B98F-0AA4BB37FA7E}.Ad-Hoc|ARM.Build.0 = Release|ARM
		{5212C156-6F83-4870-B98F-0AA4BB37FA7E}.Ad-Hoc|ARM.Deploy.0 = Release|ARM
		{5212C156-6F83-4870-B98F-0AA4BB37FA7E}.Ad-Hoc|iPhone.ActiveCfg = Release|x86
		{5212C156-6F83-4870-B98F-0AA4BB37FA7E}.Ad-Hoc|iPhone.Build.0 = Release|x86
		{5212C156-6F83-4870-B98F-0AA4BB37FA7E}.Ad-Hoc|iPhone.Deploy.0 = Release|x86
		{5212C156-6F83-4870-B98F-0AA4BB37FA7E}.Ad-Hoc|iPhoneSimulator.ActiveCfg = Release|x86
		{5212C156-6F83-4870-B98F-0AA4BB37FA7E}.Ad-Hoc|iPhoneSimulator.Build.0 = Release|x86
		{5212C156-6F83-4870-B98F-0AA4BB37FA7E}.Ad-Hoc|iPhoneSimulator.Deploy.0 = Release|x86
		{5212C156-6F83-4870-B98F-0AA4BB37FA7E}.Ad-Hoc|x64.ActiveCfg = Release|x64
		{5212C156-6F83-4870-B98F-0AA4BB37FA7E}.Ad-Hoc|x64.Build.0 = Release|x64
		{5212C156-6F83-4870-B98F-0AA4BB37FA7E}.Ad-Hoc|x64.Deploy.0 = Release|x64
		{5212C156-6F83-4870-B98F-0AA4BB37FA7E}.Ad-Hoc|x86.ActiveCfg = Release|x86
		{5212C156-6F83-4870-B98F-0AA4BB37FA7E}.Ad-Hoc|x86.Build.0 = Release|x86
		{5212C156-6F83-4870-B98F-0AA4BB37FA7E}.Ad-Hoc|x86.Deploy.0 = Release|x86
		{5212C156-6F83-4870-B98F-0AA4BB37FA7E}.AppStore|Any CPU.ActiveCfg = Release|x86
		{5212C156-6F83-4870-B98F-0AA4BB37FA7E}.AppStore|Any CPU.Build.0 = Release|x86
		{5212C156-6F83-4870-B98F-0AA4BB37FA7E}.AppStore|Any CPU.Deploy.0 = Release|x86
		{5212C156-6F83-4870-B98F-0AA4BB37FA7E}.AppStore|ARM.ActiveCfg = Release|ARM
		{5212C156-6F83-4870-B98F-0AA4BB37FA7E}.AppStore|ARM.Build.0 = Release|ARM
		{5212C156-6F83-4870-B98F-0AA4BB37FA7E}.AppStore|ARM.Deploy.0 = Release|ARM
		{5212C156-6F83-4870-B98F-0AA4BB37FA7E}.AppStore|iPhone.ActiveCfg = Release|x86
		{5212C156-6F83-4870-B98F-0AA4BB37FA7E}.AppStore|iPhone.Build.0 = Release|x86
		{5212C156-6F83-4870-B98F-0AA4BB37FA7E}.AppStore|iPhone.Deploy.0 = Release|x86
		{5212C156-6F83-4870-B98F-0AA4BB37FA7E}.AppStore|iPhoneSimulator.ActiveCfg = Release|x86
		{5212C156-6F83-4870-B98F-0AA4BB37FA7E}.AppStore|iPhoneSimulator.Build.0 = Release|x86
		{5212C156-6F83-4870-B98F-0AA4BB37FA7E}.AppStore|iPhoneSimulator.Deploy.0 = Release|x86
		{5212C156-6F83-4870-B98F-0AA4BB37FA7E}.AppStore|x64.ActiveCfg = Release|x64
		{5212C156-6F83-4870-B98F-0AA4BB37FA7E}.AppStore|x64.Build.0 = Release|x64
		{5212C156-6F83-4870-B98F-0AA4BB37FA7E}.AppStore|x64.Deploy.0 = Release|x64
		{5212C156-6F83-4870-B98F-0AA4BB37FA7E}.AppStore|x86.ActiveCfg = Release|x86
		{5212C156-6F83-4870-B98F-0AA4BB37FA7E}.AppStore|x86.Build.0 = Release|x86
		{5212C156-6F83-4870-B98F-0AA4BB37FA7E}.AppStore|x86.Deploy.0 = Release|x86
		{5212C156-6F83-4870-B98F-0AA4BB37FA7E}.Debug|Any CPU.ActiveCfg = Debug|x86
		{5212C156-6F83-4870-B98F-0AA4BB37FA7E}.Debug|ARM.ActiveCfg = Debug|ARM
		{5212C156-6F83-4870-B98F-0AA4BB37FA7E}.Debug|ARM.Build.0 = Debug|ARM
		{5212C156-6F83-4870-B98F-0AA4BB37FA7E}.Debug|ARM.Deploy.0 = Debug|ARM
		{5212C156-6F83-4870-B98F-0AA4BB37FA7E}.Debug|iPhone.ActiveCfg = Debug|x86
		{5212C156-6F83-4870-B98F-0AA4BB37FA7E}.Debug|iPhoneSimulator.ActiveCfg = Debug|x86
		{5212C156-6F83-4870-B98F-0AA4BB37FA7E}.Debug|x64.ActiveCfg = Debug|x64
		{5212C156-6F83-4870-B98F-0AA4BB37FA7E}.Debug|x64.Build.0 = Debug|x64
		{5212C156-6F83-4870-B98F-0AA4BB37FA7E}.Debug|x64.Deploy.0 = Debug|x64
		{5212C156-6F83-4870-B98F-0AA4BB37FA7E}.Debug|x86.ActiveCfg = Debug|x86
		{5212C156-6F83-4870-B98F-0AA4BB37FA7E}.Debug|x86.Build.0 = Debug|x86
		{5212C156-6F83-4870-B98F-0AA4BB37FA7E}.Debug|x86.Deploy.0 = Debug|x86
		{5212C156-6F83-4870-B98F-0AA4BB37FA7E}.Release|Any CPU.ActiveCfg = Release|x86
		{5212C156-6F83-4870-B98F-0AA4BB37FA7E}.Release|ARM.ActiveCfg = Release|ARM
		{5212C156-6F83-4870-B98F-0AA4BB37FA7E}.Release|ARM.Build.0 = Release|ARM
		{5212C156-6F83-4870-B98F-0AA4BB37FA7E}.Release|ARM.Deploy.0 = Release|ARM
		{5212C156-6F83-4870-B98F-0AA4BB37FA7E}.Release|iPhone.ActiveCfg = Release|x86
		{5212C156-6F83-4870-B98F-0AA4BB37FA7E}.Release|iPhoneSimulator.ActiveCfg = Release|x86
		{5212C156-6F83-4870-B98F-0AA4BB37FA7E}.Release|x64.ActiveCfg = Release|x64
		{5212C156-6F83-4870-B98F-0AA4BB37FA7E}.Release|x64.Build.0 = Release|x64
		{5212C156-6F83-4870-B98F-0AA4BB37FA7E}.Release|x64.Deploy.0 = Release|x64
		{5212C156-6F83-4870-B98F-0AA4BB37FA7E}.Release|x86.ActiveCfg = Release|x86
		{5212C156-6F83-4870-B98F-0AA4BB37FA7E}.Release|x86.Build.0 = Release|x86
		{5212C156-6F83-4870-B98F-0AA4BB37FA7E}.Release|x86.Deploy.0 = Release|x86
		{171E01BB-834F-4900-A7E4-28492AD3E3BA}.Ad-Hoc|Any CPU.ActiveCfg = Debug|Any CPU
		{171E01BB-834F-4900-A7E4-28492AD3E3BA}.Ad-Hoc|Any CPU.Build.0 = Debug|Any CPU
		{171E01BB-834F-4900-A7E4-28492AD3E3BA}.Ad-Hoc|ARM.ActiveCfg = Debug|Any CPU
		{171E01BB-834F-4900-A7E4-28492AD3E3BA}.Ad-Hoc|ARM.Build.0 = Debug|Any CPU
		{171E01BB-834F-4900-A7E4-28492AD3E3BA}.Ad-Hoc|iPhone.ActiveCfg = Debug|Any CPU
		{171E01BB-834F-4900-A7E4-28492AD3E3BA}.Ad-Hoc|iPhone.Build.0 = Debug|Any CPU
		{171E01BB-834F-4900-A7E4-28492AD3E3BA}.Ad-Hoc|iPhoneSimulator.ActiveCfg = Debug|Any CPU
		{171E01BB-834F-4900-A7E4-28492AD3E3BA}.Ad-Hoc|iPhoneSimulator.Build.0 = Debug|Any CPU
		{171E01BB-834F-4900-A7E4-28492AD3E3BA}.Ad-Hoc|x64.ActiveCfg = Debug|Any CPU
		{171E01BB-834F-4900-A7E4-28492AD3E3BA}.Ad-Hoc|x64.Build.0 = Debug|Any CPU
		{171E01BB-834F-4900-A7E4-28492AD3E3BA}.Ad-Hoc|x86.ActiveCfg = Debug|Any CPU
		{171E01BB-834F-4900-A7E4-28492AD3E3BA}.Ad-Hoc|x86.Build.0 = Debug|Any CPU
		{171E01BB-834F-4900-A7E4-28492AD3E3BA}.AppStore|Any CPU.ActiveCfg = Debug|Any CPU
		{171E01BB-834F-4900-A7E4-28492AD3E3BA}.AppStore|Any CPU.Build.0 = Debug|Any CPU
		{171E01BB-834F-4900-A7E4-28492AD3E3BA}.AppStore|ARM.ActiveCfg = Debug|Any CPU
		{171E01BB-834F-4900-A7E4-28492AD3E3BA}.AppStore|ARM.Build.0 = Debug|Any CPU
		{171E01BB-834F-4900-A7E4-28492AD3E3BA}.AppStore|iPhone.ActiveCfg = Debug|Any CPU
		{171E01BB-834F-4900-A7E4-28492AD3E3BA}.AppStore|iPhone.Build.0 = Debug|Any CPU
		{171E01BB-834F-4900-A7E4-28492AD3E3BA}.AppStore|iPhoneSimulator.ActiveCfg = Debug|Any CPU
		{171E01BB-834F-4900-A7E4-28492AD3E3BA}.AppStore|iPhoneSimulator.Build.0 = Debug|Any CPU
		{171E01BB-834F-4900-A7E4-28492AD3E3BA}.AppStore|x64.ActiveCfg = Debug|Any CPU
		{171E01BB-834F-4900-A7E4-28492AD3E3BA}.AppStore|x64.Build.0 = Debug|Any CPU
		{171E01BB-834F-4900-A7E4-28492AD3E3BA}.AppStore|x86.ActiveCfg = Debug|Any CPU
		{171E01BB-834F-4900-A7E4-28492AD3E3BA}.AppStore|x86.Build.0 = Debug|Any CPU
		{171E01BB-834F-4900-A7E4-28492AD3E3BA}.Debug|Any CPU.ActiveCfg = Debug|Any CPU
		{171E01BB-834F-4900-A7E4-28492AD3E3BA}.Debug|Any CPU.Build.0 = Debug|Any CPU
		{171E01BB-834F-4900-A7E4-28492AD3E3BA}.Debug|ARM.ActiveCfg = Debug|Any CPU
		{171E01BB-834F-4900-A7E4-28492AD3E3BA}.Debug|ARM.Build.0 = Debug|Any CPU
		{171E01BB-834F-4900-A7E4-28492AD3E3BA}.Debug|iPhone.ActiveCfg = Debug|Any CPU
		{171E01BB-834F-4900-A7E4-28492AD3E3BA}.Debug|iPhone.Build.0 = Debug|Any CPU
		{171E01BB-834F-4900-A7E4-28492AD3E3BA}.Debug|iPhoneSimulator.ActiveCfg = Debug|Any CPU
		{171E01BB-834F-4900-A7E4-28492AD3E3BA}.Debug|iPhoneSimulator.Build.0 = Debug|Any CPU
		{171E01BB-834F-4900-A7E4-28492AD3E3BA}.Debug|x64.ActiveCfg = Debug|Any CPU
		{171E01BB-834F-4900-A7E4-28492AD3E3BA}.Debug|x64.Build.0 = Debug|Any CPU
		{171E01BB-834F-4900-A7E4-28492AD3E3BA}.Debug|x86.ActiveCfg = Debug|Any CPU
		{171E01BB-834F-4900-A7E4-28492AD3E3BA}.Debug|x86.Build.0 = Debug|Any CPU
		{171E01BB-834F-4900-A7E4-28492AD3E3BA}.Release|Any CPU.ActiveCfg = Release|Any CPU
		{171E01BB-834F-4900-A7E4-28492AD3E3BA}.Release|Any CPU.Build.0 = Release|Any CPU
		{171E01BB-834F-4900-A7E4-28492AD3E3BA}.Release|ARM.ActiveCfg = Release|Any CPU
		{171E01BB-834F-4900-A7E4-28492AD3E3BA}.Release|ARM.Build.0 = Release|Any CPU
		{171E01BB-834F-4900-A7E4-28492AD3E3BA}.Release|iPhone.ActiveCfg = Release|Any CPU
		{171E01BB-834F-4900-A7E4-28492AD3E3BA}.Release|iPhone.Build.0 = Release|Any CPU
		{171E01BB-834F-4900-A7E4-28492AD3E3BA}.Release|iPhoneSimulator.ActiveCfg = Release|Any CPU
		{171E01BB-834F-4900-A7E4-28492AD3E3BA}.Release|iPhoneSimulator.Build.0 = Release|Any CPU
		{171E01BB-834F-4900-A7E4-28492AD3E3BA}.Release|x64.ActiveCfg = Release|Any CPU
		{171E01BB-834F-4900-A7E4-28492AD3E3BA}.Release|x64.Build.0 = Release|Any CPU
		{171E01BB-834F-4900-A7E4-28492AD3E3BA}.Release|x86.ActiveCfg = Release|Any CPU
		{171E01BB-834F-4900-A7E4-28492AD3E3BA}.Release|x86.Build.0 = Release|Any CPU
		{1E3E3F73-7D4F-49DE-B91C-DE254C22A448}.Ad-Hoc|Any CPU.ActiveCfg = Release|Any CPU
		{1E3E3F73-7D4F-49DE-B91C-DE254C22A448}.Ad-Hoc|Any CPU.Build.0 = Release|Any CPU
		{1E3E3F73-7D4F-49DE-B91C-DE254C22A448}.Ad-Hoc|ARM.ActiveCfg = Release|Any CPU
		{1E3E3F73-7D4F-49DE-B91C-DE254C22A448}.Ad-Hoc|ARM.Build.0 = Release|Any CPU
		{1E3E3F73-7D4F-49DE-B91C-DE254C22A448}.Ad-Hoc|iPhone.ActiveCfg = Release|Any CPU
		{1E3E3F73-7D4F-49DE-B91C-DE254C22A448}.Ad-Hoc|iPhone.Build.0 = Release|Any CPU
		{1E3E3F73-7D4F-49DE-B91C-DE254C22A448}.Ad-Hoc|iPhoneSimulator.ActiveCfg = Release|Any CPU
		{1E3E3F73-7D4F-49DE-B91C-DE254C22A448}.Ad-Hoc|iPhoneSimulator.Build.0 = Release|Any CPU
		{1E3E3F73-7D4F-49DE-B91C-DE254C22A448}.Ad-Hoc|x64.ActiveCfg = Release|Any CPU
		{1E3E3F73-7D4F-49DE-B91C-DE254C22A448}.Ad-Hoc|x64.Build.0 = Release|Any CPU
		{1E3E3F73-7D4F-49DE-B91C-DE254C22A448}.Ad-Hoc|x86.ActiveCfg = Release|Any CPU
		{1E3E3F73-7D4F-49DE-B91C-DE254C22A448}.Ad-Hoc|x86.Build.0 = Release|Any CPU
		{1E3E3F73-7D4F-49DE-B91C-DE254C22A448}.AppStore|Any CPU.ActiveCfg = Release|Any CPU
		{1E3E3F73-7D4F-49DE-B91C-DE254C22A448}.AppStore|Any CPU.Build.0 = Release|Any CPU
		{1E3E3F73-7D4F-49DE-B91C-DE254C22A448}.AppStore|ARM.ActiveCfg = Release|Any CPU
		{1E3E3F73-7D4F-49DE-B91C-DE254C22A448}.AppStore|ARM.Build.0 = Release|Any CPU
		{1E3E3F73-7D4F-49DE-B91C-DE254C22A448}.AppStore|iPhone.ActiveCfg = Release|Any CPU
		{1E3E3F73-7D4F-49DE-B91C-DE254C22A448}.AppStore|iPhone.Build.0 = Release|Any CPU
		{1E3E3F73-7D4F-49DE-B91C-DE254C22A448}.AppStore|iPhoneSimulator.ActiveCfg = Release|Any CPU
		{1E3E3F73-7D4F-49DE-B91C-DE254C22A448}.AppStore|iPhoneSimulator.Build.0 = Release|Any CPU
		{1E3E3F73-7D4F-49DE-B91C-DE254C22A448}.AppStore|x64.ActiveCfg = Release|Any CPU
		{1E3E3F73-7D4F-49DE-B91C-DE254C22A448}.AppStore|x64.Build.0 = Release|Any CPU
		{1E3E3F73-7D4F-49DE-B91C-DE254C22A448}.AppStore|x86.ActiveCfg = Release|Any CPU
		{1E3E3F73-7D4F-49DE-B91C-DE254C22A448}.AppStore|x86.Build.0 = Release|Any CPU
		{1E3E3F73-7D4F-49DE-B91C-DE254C22A448}.Debug|Any CPU.ActiveCfg = Debug|Any CPU
		{1E3E3F73-7D4F-49DE-B91C-DE254C22A448}.Debug|Any CPU.Build.0 = Debug|Any CPU
		{1E3E3F73-7D4F-49DE-B91C-DE254C22A448}.Debug|ARM.ActiveCfg = Debug|Any CPU
		{1E3E3F73-7D4F-49DE-B91C-DE254C22A448}.Debug|ARM.Build.0 = Debug|Any CPU
		{1E3E3F73-7D4F-49DE-B91C-DE254C22A448}.Debug|iPhone.ActiveCfg = Debug|Any CPU
		{1E3E3F73-7D4F-49DE-B91C-DE254C22A448}.Debug|iPhone.Build.0 = Debug|Any CPU
		{1E3E3F73-7D4F-49DE-B91C-DE254C22A448}.Debug|iPhoneSimulator.ActiveCfg = Debug|Any CPU
		{1E3E3F73-7D4F-49DE-B91C-DE254C22A448}.Debug|iPhoneSimulator.Build.0 = Debug|Any CPU
		{1E3E3F73-7D4F-49DE-B91C-DE254C22A448}.Debug|x64.ActiveCfg = Debug|Any CPU
		{1E3E3F73-7D4F-49DE-B91C-DE254C22A448}.Debug|x64.Build.0 = Debug|Any CPU
		{1E3E3F73-7D4F-49DE-B91C-DE254C22A448}.Debug|x86.ActiveCfg = Debug|Any CPU
		{1E3E3F73-7D4F-49DE-B91C-DE254C22A448}.Debug|x86.Build.0 = Debug|Any CPU
		{1E3E3F73-7D4F-49DE-B91C-DE254C22A448}.Release|Any CPU.ActiveCfg = Release|Any CPU
		{1E3E3F73-7D4F-49DE-B91C-DE254C22A448}.Release|Any CPU.Build.0 = Release|Any CPU
		{1E3E3F73-7D4F-49DE-B91C-DE254C22A448}.Release|ARM.ActiveCfg = Release|Any CPU
		{1E3E3F73-7D4F-49DE-B91C-DE254C22A448}.Release|ARM.Build.0 = Release|Any CPU
		{1E3E3F73-7D4F-49DE-B91C-DE254C22A448}.Release|iPhone.ActiveCfg = Release|Any CPU
		{1E3E3F73-7D4F-49DE-B91C-DE254C22A448}.Release|iPhone.Build.0 = Release|Any CPU
		{1E3E3F73-7D4F-49DE-B91C-DE254C22A448}.Release|iPhoneSimulator.ActiveCfg = Release|Any CPU
		{1E3E3F73-7D4F-49DE-B91C-DE254C22A448}.Release|iPhoneSimulator.Build.0 = Release|Any CPU
		{1E3E3F73-7D4F-49DE-B91C-DE254C22A448}.Release|x64.ActiveCfg = Release|Any CPU
		{1E3E3F73-7D4F-49DE-B91C-DE254C22A448}.Release|x64.Build.0 = Release|Any CPU
		{1E3E3F73-7D4F-49DE-B91C-DE254C22A448}.Release|x86.ActiveCfg = Release|Any CPU
		{1E3E3F73-7D4F-49DE-B91C-DE254C22A448}.Release|x86.Build.0 = Release|Any CPU
	EndGlobalSection
	GlobalSection(SolutionProperties) = preSolution
		HideSolutionNode = FALSE
	EndGlobalSection
	GlobalSection(ExtensibilityGlobals) = postSolution
		SolutionGuid = {0A83117A-23BF-4E1A-9F3F-9266A9B5FB64}
	EndGlobalSection
EndGlobal
